
Microsoft Visual Studio Solution File, Format Version 12.00
# Visual Studio Version 17
VisualStudioVersion = 17.6.33723.286
MinimumVisualStudioVersion = 10.0.40219.1
Project("{FAE04EC0-301F-11D3-BF4B-00C04F79EFBC}") = "AdvancedC#TopicsGroupAssignment", "AdvancedC#TopicsGroupAssignment\AdvancedC#TopicsGroupAssignment.csproj", "{5D6E38B6-ECCD-4680-855F-7A7388A16121}"
EndProject
Global
	GlobalSection(SolutionConfigurationPlatforms) = preSolution
		Debug|Any CPU = Debug|Any CPU
		Release|Any CPU = Release|Any CPU
	EndGlobalSection
	GlobalSection(ProjectConfigurationPlatforms) = postSolution
		{5D6E38B6-ECCD-4680-855F-7A7388A16121}.Debug|Any CPU.ActiveCfg = Debug|Any CPU
		{5D6E38B6-ECCD-4680-855F-7A7388A16121}.Debug|Any CPU.Build.0 = Debug|Any CPU
		{5D6E38B6-ECCD-4680-855F-7A7388A16121}.Release|Any CPU.ActiveCfg = Release|Any CPU
		{5D6E38B6-ECCD-4680-855F-7A7388A16121}.Release|Any CPU.Build.0 = Release|Any CPU
	EndGlobalSection
	GlobalSection(SolutionProperties) = preSolution
		HideSolutionNode = FALSE
	EndGlobalSection
	GlobalSection(ExtensibilityGlobals) = postSolution
		SolutionGuid = {12576658-65FF-4D09-BDF8-CC79182186FC}
	EndGlobalSection
EndGlobal
